
Microsoft Visual Studio Solution File, Format Version 12.00
# Visual Studio 15
VisualStudioVersion = 15.0.26730.16
MinimumVisualStudioVersion = 10.0.40219.1
Project("{FAE04EC0-301F-11D3-BF4B-00C04F79EFBC}") = "APIRunner", "APIRunner\APIRunner.csproj", "{3649C4FC-5C3E-4601-9868-EBAFAD4BE9F1}"
EndProject
Project("{FAE04EC0-301F-11D3-BF4B-00C04F79EFBC}") = "APIRunner.Tests", "APIRunner.Tests\APIRunner.Tests.csproj", "{10681F30-F1A5-4283-A99D-F9D56C760F8E}"
EndProject
Global
	GlobalSection(SolutionConfigurationPlatforms) = preSolution
		Debug|Any CPU = Debug|Any CPU
		Release|Any CPU = Release|Any CPU
	EndGlobalSection
	GlobalSection(ProjectConfigurationPlatforms) = postSolution
		{3649C4FC-5C3E-4601-9868-EBAFAD4BE9F1}.Debug|Any CPU.ActiveCfg = Debug|Any CPU
		{3649C4FC-5C3E-4601-9868-EBAFAD4BE9F1}.Debug|Any CPU.Build.0 = Debug|Any CPU
		{3649C4FC-5C3E-4601-9868-EBAFAD4BE9F1}.Release|Any CPU.ActiveCfg = Release|Any CPU
		{3649C4FC-5C3E-4601-9868-EBAFAD4BE9F1}.Release|Any CPU.Build.0 = Release|Any CPU
		{10681F30-F1A5-4283-A99D-F9D56C760F8E}.Debug|Any CPU.ActiveCfg = Debug|Any CPU
		{10681F30-F1A5-4283-A99D-F9D56C760F8E}.Debug|Any CPU.Build.0 = Debug|Any CPU
		{10681F30-F1A5-4283-A99D-F9D56C760F8E}.Release|Any CPU.ActiveCfg = Release|Any CPU
		{10681F30-F1A5-4283-A99D-F9D56C760F8E}.Release|Any CPU.Build.0 = Release|Any CPU
	EndGlobalSection
	GlobalSection(SolutionProperties) = preSolution
		HideSolutionNode = FALSE
	EndGlobalSection
	GlobalSection(ExtensibilityGlobals) = postSolution
		SolutionGuid = {C3A73148-CD7F-4170-87D4-ED9C14394715}
	EndGlobalSection
EndGlobal
